
Microsoft Visual Studio Solution File, Format Version 12.00
# Visual Studio 15
Project("{FAE04EC0-301F-11D3-BF4B-00C04F79EFBC}") = "ChapterOne.Android", "ChapterOne.Android\ChapterOne.Android.csproj", "{C6CA3962-8589-4FCF-A650-E58B1FA12736}"
EndProject
Project("{FAE04EC0-301F-11D3-BF4B-00C04F79EFBC}") = "ChapterOne.iOS", "ChapterOne.iOS\ChapterOne.iOS.csproj", "{93B3E8EA-80AB-476B-A8B4-FAA4E316C9C6}"
EndProject
Project("{FAE04EC0-301F-11D3-BF4B-00C04F79EFBC}") = "ChapterOne", "ChapterOne\ChapterOne.csproj", "{906A68C0-38AA-4339-9736-084576FCCAB1}"
EndProject
Global
	GlobalSection(SolutionConfigurationPlatforms) = preSolution
		Debug|Any CPU = Debug|Any CPU
		Release|Any CPU = Release|Any CPU
		Debug|iPhoneSimulator = Debug|iPhoneSimulator
		Release|iPhoneSimulator = Release|iPhoneSimulator
		Debug|iPhone = Debug|iPhone
		Release|iPhone = Release|iPhone
	EndGlobalSection
	GlobalSection(ProjectConfigurationPlatforms) = postSolution
		{C6CA3962-8589-4FCF-A650-E58B1FA12736}.Debug|Any CPU.ActiveCfg = Debug|Any CPU
		{C6CA3962-8589-4FCF-A650-E58B1FA12736}.Debug|Any CPU.Build.0 = Debug|Any CPU
		{C6CA3962-8589-4FCF-A650-E58B1FA12736}.Release|Any CPU.ActiveCfg = Release|Any CPU
		{C6CA3962-8589-4FCF-A650-E58B1FA12736}.Release|Any CPU.Build.0 = Release|Any CPU
		{C6CA3962-8589-4FCF-A650-E58B1FA12736}.Debug|iPhoneSimulator.ActiveCfg = Debug|Any CPU
		{C6CA3962-8589-4FCF-A650-E58B1FA12736}.Debug|iPhoneSimulator.Build.0 = Debug|Any CPU
		{C6CA3962-8589-4FCF-A650-E58B1FA12736}.Release|iPhoneSimulator.ActiveCfg = Release|Any CPU
		{C6CA3962-8589-4FCF-A650-E58B1FA12736}.Release|iPhoneSimulator.Build.0 = Release|Any CPU
		{C6CA3962-8589-4FCF-A650-E58B1FA12736}.Debug|iPhone.ActiveCfg = Debug|Any CPU
		{C6CA3962-8589-4FCF-A650-E58B1FA12736}.Debug|iPhone.Build.0 = Debug|Any CPU
		{C6CA3962-8589-4FCF-A650-E58B1FA12736}.Release|iPhone.ActiveCfg = Release|Any CPU
		{C6CA3962-8589-4FCF-A650-E58B1FA12736}.Release|iPhone.Build.0 = Release|Any CPU
		{93B3E8EA-80AB-476B-A8B4-FAA4E316C9C6}.Debug|Any CPU.ActiveCfg = Debug|iPhoneSimulator
		{93B3E8EA-80AB-476B-A8B4-FAA4E316C9C6}.Debug|Any CPU.Build.0 = Debug|iPhoneSimulator
		{93B3E8EA-80AB-476B-A8B4-FAA4E316C9C6}.Release|Any CPU.ActiveCfg = Release|iPhoneSimulator
		{93B3E8EA-80AB-476B-A8B4-FAA4E316C9C6}.Release|Any CPU.Build.0 = Release|iPhoneSimulator
		{93B3E8EA-80AB-476B-A8B4-FAA4E316C9C6}.Debug|iPhoneSimulator.ActiveCfg = Debug|iPhoneSimulator
		{93B3E8EA-80AB-476B-A8B4-FAA4E316C9C6}.Debug|iPhoneSimulator.Build.0 = Debug|iPhoneSimulator
		{93B3E8EA-80AB-476B-A8B4-FAA4E316C9C6}.Release|iPhoneSimulator.ActiveCfg = Release|iPhoneSimulator
		{93B3E8EA-80AB-476B-A8B4-FAA4E316C9C6}.Release|iPhoneSimulator.Build.0 = Release|iPhoneSimulator
		{93B3E8EA-80AB-476B-A8B4-FAA4E316C9C6}.Debug|iPhone.ActiveCfg = Debug|iPhone
		{93B3E8EA-80AB-476B-A8B4-FAA4E316C9C6}.Debug|iPhone.Build.0 = Debug|iPhone
		{93B3E8EA-80AB-476B-A8B4-FAA4E316C9C6}.Release|iPhone.ActiveCfg = Release|iPhone
		{93B3E8EA-80AB-476B-A8B4-FAA4E316C9C6}.Release|iPhone.Build.0 = Release|iPhone
		{906A68C0-38AA-4339-9736-084576FCCAB1}.Debug|Any CPU.ActiveCfg = Debug|Any CPU
		{906A68C0-38AA-4339-9736-084576FCCAB1}.Debug|Any CPU.Build.0 = Debug|Any CPU
		{906A68C0-38AA-4339-9736-084576FCCAB1}.Release|Any CPU.ActiveCfg = Release|Any CPU
		{906A68C0-38AA-4339-9736-084576FCCAB1}.Release|Any CPU.Build.0 = Release|Any CPU
		{906A68C0-38AA-4339-9736-084576FCCAB1}.Debug|iPhoneSimulator.ActiveCfg = Debug|Any CPU
		{906A68C0-38AA-4339-9736-084576FCCAB1}.Debug|iPhoneSimulator.Build.0 = Debug|Any CPU
		{906A68C0-38AA-4339-9736-084576FCCAB1}.Release|iPhoneSimulator.ActiveCfg = Release|Any CPU
		{906A68C0-38AA-4339-9736-084576FCCAB1}.Release|iPhoneSimulator.Build.0 = Release|Any CPU
		{906A68C0-38AA-4339-9736-084576FCCAB1}.Debug|iPhone.ActiveCfg = Debug|Any CPU
		{906A68C0-38AA-4339-9736-084576FCCAB1}.Debug|iPhone.Build.0 = Debug|Any CPU
		{906A68C0-38AA-4339-9736-084576FCCAB1}.Release|iPhone.ActiveCfg = Release|Any CPU
		{906A68C0-38AA-4339-9736-084576FCCAB1}.Release|iPhone.Build.0 = Release|Any CPU
	EndGlobalSection
EndGlobal
